
Microsoft Visual Studio Solution File, Format Version 12.00
# Visual Studio Version 17
VisualStudioVersion = 17.7.34024.191
MinimumVisualStudioVersion = 10.0.40219.1
Project("{FAE04EC0-301F-11D3-BF4B-00C04F79EFBC}") = "Chizh", "Chizh\Chizh.csproj", "{09BBD636-DB5E-430E-BB81-9AF9CED6396C}"
EndProject
Global
	GlobalSection(SolutionConfigurationPlatforms) = preSolution
		Debug|Any CPU = Debug|Any CPU
		Release|Any CPU = Release|Any CPU
	EndGlobalSection
	GlobalSection(ProjectConfigurationPlatforms) = postSolution
		{09BBD636-DB5E-430E-BB81-9AF9CED6396C}.Debug|Any CPU.ActiveCfg = Debug|Any CPU
		{09BBD636-DB5E-430E-BB81-9AF9CED6396C}.Debug|Any CPU.Build.0 = Debug|Any CPU
		{09BBD636-DB5E-430E-BB81-9AF9CED6396C}.Release|Any CPU.ActiveCfg = Release|Any CPU
		{09BBD636-DB5E-430E-BB81-9AF9CED6396C}.Release|Any CPU.Build.0 = Release|Any CPU
	EndGlobalSection
	GlobalSection(SolutionProperties) = preSolution
		HideSolutionNode = FALSE
	EndGlobalSection
	GlobalSection(ExtensibilityGlobals) = postSolution
		SolutionGuid = {91C9C9FC-35EC-44BC-A807-1CDE7010332F}
	EndGlobalSection
EndGlobal
